[[package]]
category = "dev"
description = "Atomic file writes."
marker = "sys_platform == \"win32\""
name = "atomicwrites"
optional = false
python-versions = ">=2.7, !=3.0.*, !=3.1.*, !=3.2.*, !=3.3.*"
version = "1.4.0"

[[package]]
category = "dev"
description = "Classes Without Boilerplate"
name = "attrs"
optional = false
python-versions = ">=2.7, !=3.0.*, !=3.1.*, !=3.2.*, !=3.3.*"
version = "20.3.0"

[package.extras]
dev = ["coverage (>=5.0.2)", "hypothesis", "pympler", "pytest (>=4.3.0)", "six", "zope.interface", "furo", "sphinx", "pre-commit"]
docs = ["furo", "sphinx", "zope.interface"]
tests = ["coverage (>=5.0.2)", "hypothesis", "pympler", "pytest (>=4.3.0)", "six", "zope.interface"]
tests_no_zope = ["coverage (>=5.0.2)", "hypothesis", "pympler", "pytest (>=4.3.0)", "six"]

[[package]]
category = "dev"
description = "Cross-platform colored terminal text."
marker = "sys_platform == \"win32\""
name = "colorama"
optional = false
python-versions = ">=2.7, !=3.0.*, !=3.1.*, !=3.2.*, !=3.3.*, !=3.4.*"
version = "0.4.4"

[[package]]
category = "dev"
description = "More routines for operating on iterables, beyond itertools"
name = "more-itertools"
optional = false
python-versions = ">=3.5"
version = "8.6.0"

[[package]]
category = "dev"
description = "Core utilities for Python packages"
name = "packaging"
optional = false
python-versions = ">=2.7, !=3.0.*, !=3.1.*, !=3.2.*, !=3.3.*"
version = "20.8"

[package.dependencies]
pyparsing = ">=2.0.2"

[[package]]
category = "dev"
description = "plugin and hook calling mechanisms for python"
name = "pluggy"
optional = false
python-versions = ">=2.7, !=3.0.*, !=3.1.*, !=3.2.*, !=3.3.*"
version = "0.13.1"

[package.extras]
dev = ["pre-commit", "tox"]

[[package]]
category = "dev"
description = "library with cross-python path, ini-parsing, io, code, log facilities"
name = "py"
optional = false
python-versions = ">=2.7, !=3.0.*, !=3.1.*, !=3.2.*, !=3.3.*"
version = "1.10.0"

[[package]]
category = "main"
description = "Cryptographic library for Python"
name = "pycryptodomex"
optional = false
python-versions = ">=2.6, !=3.0.*, !=3.1.*, !=3.2.*, !=3.3.*"
version = "3.9.9"

[[package]]
category = "dev"
description = "Python parsing module"
name = "pyparsing"
optional = false
python-versions = ">=2.6, !=3.0.*, !=3.1.*, !=3.2.*"
version = "2.4.7"

[[package]]
category = "dev"
description = "pytest: simple powerful testing with Python"
name = "pytest"
optional = false
python-versions = ">=3.5"
version = "5.4.3"

[package.dependencies]
atomicwrites = ">=1.0"
attrs = ">=17.4.0"
colorama = "*"
more-itertools = ">=4.0.0"
packaging = "*"
pluggy = ">=0.12,<1.0"
py = ">=1.5.0"
wcwidth = "*"

[package.extras]
checkqa-mypy = ["mypy (v0.761)"]
testing = ["argcomplete", "hypothesis (>=3.56)", "mock", "nose", "requests", "xmlschema"]

[[package]]
category = "dev"
description = "Measures the displayed width of unicode strings in a terminal"
name = "wcwidth"
optional = false
python-versions = "*"
version = "0.2.5"

[metadata]
content-hash = "d906cdaa90fa94f8878584833d1082ddaebbf19991672c71af0321e1da75a52a"
lock-version = "1.0"
python-versions = "^3.8"

[metadata.files]
atomicwrites = [
    {file = "atomicwrites-1.4.0-py2.py3-none-any.whl", hash = "sha256:6d1784dea7c0c8d4a5172b6c620f40b6e4cbfdf96d783691f2e1302a7b88e197"},
    {file = "atomicwrites-1.4.0.tar.gz", hash = "sha256:ae70396ad1a434f9c7046fd2dd196fc04b12f9e91ffb859164193be8b6168a7a"},
]
attrs = [
    {file = "attrs-20.3.0-py2.py3-none-any.whl", hash = "sha256:31b2eced602aa8423c2aea9c76a724617ed67cf9513173fd3a4f03e3a929c7e6"},
    {file = "attrs-20.3.0.tar.gz", hash = "sha256:832aa3cde19744e49938b91fea06d69ecb9e649c93ba974535d08ad92164f700"},
]
colorama = [
    {file = "colorama-0.4.4-py2.py3-none-any.whl", hash = "sha256:9f47eda37229f68eee03b24b9748937c7dc3868f906e8ba69fbcbdd3bc5dc3e2"},
    {file = "colorama-0.4.4.tar.gz", hash = "sha256:5941b2b48a20143d2267e95b1c2a7603ce057ee39fd88e7329b0c292aa16869b"},
]
more-itertools = [
    {file = "more-itertools-8.6.0.tar.gz", hash = "sha256:b3a9005928e5bed54076e6e549c792b306fddfe72b2d1d22dd63d42d5d3899cf"},
    {file = "more_itertools-8.6.0-py3-none-any.whl", hash = "sha256:8e1a2a43b2f2727425f2b5839587ae37093f19153dc26c0927d1048ff6557330"},
]
packaging = [
    {file = "packaging-20.8-py2.py3-none-any.whl", hash = "sha256:24e0da08660a87484d1602c30bb4902d74816b6985b93de36926f5bc95741858"},
    {file = "packaging-20.8.tar.gz", hash = "sha256:78598185a7008a470d64526a8059de9aaa449238f280fc9eb6b13ba6c4109093"},
]
pluggy = [
    {file = "pluggy-0.13.1-py2.py3-none-any.whl", hash = "sha256:966c145cd83c96502c3c3868f50408687b38434af77734af1e9ca461a4081d2d"},
    {file = "pluggy-0.13.1.tar.gz", hash = "sha256:15b2acde666561e1298d71b523007ed7364de07029219b604cf808bfa1c765b0"},
]
py = [
    {file = "py-1.10.0-py2.py3-none-any.whl", hash = "sha256:3b80836aa6d1feeaa108e046da6423ab8f6ceda6468545ae8d02d9d58d18818a"},
    {file = "py-1.10.0.tar.gz", hash = "sha256:21b81bda15b66ef5e1a777a21c4dcd9c20ad3efd0b3f817e7a809035269e1bd3"},
]
pycryptodomex = [
    {file = "pycryptodomex-3.9.9-cp27-cp27m-macosx_10_6_intel.whl", hash = "sha256:5e486cab2dfcfaec934dd4f5d5837f4a9428b690f4d92a3b020fd31d1497ca64"},
    {file = "pycryptodomex-3.9.9-cp27-cp27m-manylinux1_i686.whl", hash = "sha256:42669638e4f7937b7141044a2fbd1019caca62bd2cdd8b535f731426ab07bde1"},
    {file = "pycryptodomex-3.9.9-cp27-cp27m-manylinux1_x86_64.whl", hash = "sha256:4ce1fc1e6d2fd2d6dc197607153327989a128c093e0e94dca63408f506622c3e"},
    {file = "pycryptodomex-3.9.9-cp27-cp27m-win32.whl", hash = "sha256:d2d1388595cb5d27d9220d5cbaff4f37c6ec696a25882eb06d224d241e6e93fb"},
    {file = "pycryptodomex-3.9.9-cp27-cp27m-win_amd64.whl", hash = "sha256:a1d38a96da57e6103423a446079ead600b450cf0f8ebf56a231895abf77e7ffc"},
    {file = "pycryptodomex-3.9.9-cp27-cp27mu-manylinux1_i686.whl", hash = "sha256:934e460c5058346c6f1d62fdf3db5680fbdfbfd212722d24d8277bf47cd9ebdc"},
    {file = "pycryptodomex-3.9.9-cp27-cp27mu-manylinux1_x86_64.whl", hash = "sha256:3642252d7bfc4403a42050e18ba748bedebd5a998a8cba89665a4f42aea4c380"},
    {file = "pycryptodomex-3.9.9-cp35-cp35m-macosx_10_6_intel.whl", hash = "sha256:a385fceaa0cdb97f0098f1c1e9ec0b46cc09186ddf60ec23538e871b1dddb6dc"},
    {file = "pycryptodomex-3.9.9-cp35-cp35m-manylinux1_i686.whl", hash = "sha256:73240335f4a1baf12880ebac6df66ab4d3a9212db9f3efe809c36a27280d16f8"},
    {file = "pycryptodomex-3.9.9-cp35-cp35m-manylinux1_x86_64.whl", hash = "sha256:305e3c46f20d019cd57543c255e7ba49e432e275d7c0de8913b6dbe57a851bc8"},
    {file = "pycryptodomex-3.9.9-cp35-cp35m-manylinux2014_aarch64.whl", hash = "sha256:871852044f55295449fbf225538c2c4118525093c32f0a6c43c91bed0452d7e3"},
    {file = "pycryptodomex-3.9.9-cp36-cp36m-macosx_10_6_intel.whl", hash = "sha256:4632d55a140b28e20be3cd7a3057af52fb747298ff0fd3290d4e9f245b5004ba"},
    {file = "pycryptodomex-3.9.9-cp36-cp36m-manylinux1_i686.whl", hash = "sha256:a9aac1a30b00b5038d3d8e48248f3b58ea15c827b67325c0d18a447552e30fc8"},
    {file = "pycryptodomex-3.9.9-cp36-cp36m-manylinux1_x86_64.whl", hash = "sha256:a7cf1c14e47027d9fb9d26aa62e5d603994227bd635e58a8df4b1d2d1b6a8ed7"},
    {file = "pycryptodomex-3.9.9-cp36-cp36m-manylinux2014_aarch64.whl", hash = "sha256:20fb7f4efc494016eab1bc2f555bc0a12dd5ca61f35c95df8061818ffb2c20a3"},
    {file = "pycryptodomex-3.9.9-cp36-cp36m-win32.whl", hash = "sha256:892e93f3e7e10c751d6c17fa0dc422f7984cfd5eb6690011f9264dc73e2775fc"},
    {file = "pycryptodomex-3.9.9-cp36-cp36m-win_amd64.whl", hash = "sha256:28ee3bcb4d609aea3040cad995a8e2c9c6dc57c12183dadd69e53880c35333b9"},
    {file = "pycryptodomex-3.9.9-cp37-cp37m-macosx_10_6_intel.whl", hash = "sha256:d62fbab185a6b01c5469eda9f0795f3d1a5bba24f5a5813f362e4b73a3c4dc70"},
    {file = "pycryptodomex-3.9.9-cp37-cp37m-manylinux1_i686.whl", hash = "sha256:bef9e9d39393dc7baec39ba4bac6c73826a4db02114cdeade2552a9d6afa16e2"},
    {file = "pycryptodomex-3.9.9-cp37-cp37m-manylinux1_x86_64.whl", hash = "sha256:f20a62397e09704049ce9007bea4f6bad965ba9336a760c6f4ef1b4192e12d6d"},
    {file = "pycryptodomex-3.9.9-cp37-cp37m-manylinux2014_aarch64.whl", hash = "sha256:c885fe4d5f26ce8ca20c97d02e88f5fdd92c01e1cc771ad0951b21e1641faf6d"},
    {file = "pycryptodomex-3.9.9-cp37-cp37m-win32.whl", hash = "sha256:f81f7311250d9480e36dec819127897ae772e7e8de07abfabe931b8566770b8e"},
    {file = "pycryptodomex-3.9.9-cp37-cp37m-win_amd64.whl", hash = "sha256:55cf4e99b3ba0122dee570dc7661b97bf35c16aab3e2ccb5070709d282a1c7ab"},
    {file = "pycryptodomex-3.9.9-cp38-cp38-macosx_10_9_x86_64.whl", hash = "sha256:15c03ffdac17731b126880622823d30d0a3cc7203cd219e6b9814140a44e7fab"},
    {file = "pycryptodomex-3.9.9-cp38-cp38-manylinux1_i686.whl", hash = "sha256:3547b87b16aad6afb28c9b3a9cd870e11b5e7b5ac649b74265258d96d8de1130"},
    {file = "pycryptodomex-3.9.9-cp38-cp38-manylinux1_x86_64.whl", hash = "sha256:65ec88c8271448d2ea109d35c1f297b09b872c57214ab7e832e413090d3469a9"},
    {file = "pycryptodomex-3.9.9-cp38-cp38-manylinux2014_aarch64.whl", hash = "sha256:404faa3e518f8bea516aae2aac47d4d960397199a15b4bd6f66cad97825469a0"},
    {file = "pycryptodomex-3.9.9-cp38-cp38-win32.whl", hash = "sha256:d2e853e0f9535e693fade97768cf7293f3febabecc5feb1e9b2ffdfe1044ab96"},
    {file = "pycryptodomex-3.9.9-cp38-cp38-win_amd64.whl", hash = "sha256:836fe39282e75311ce4c38468be148f7fac0df3d461c5de58c5ff1ddb8966bac"},
    {file = "pycryptodomex-3.9.9-cp39-cp39-manylinux1_i686.whl", hash = "sha256:4a88c9383d273bdce3afc216020282c9c5c39ec0bd9462b1a206af6afa377cf0"},
    {file = "pycryptodomex-3.9.9-cp39-cp39-manylinux1_x86_64.whl", hash = "sha256:9736f3f3e1761024200637a080a4f922f5298ad5d780e10dbb5634fe8c65b34c"},
    {file = "pycryptodomex-3.9.9-cp39-cp39-manylinux2014_aarch64.whl", hash = "sha256:6c95a3361ce70068cf69526a58751f73ddac5ba27a3c2379b057efa2f5338c8c"},
    {file = "pycryptodomex-3.9.9-cp39-cp39-win32.whl", hash = "sha256:b696876ee583d15310be57311e90e153a84b7913ac93e6b99675c0c9867926d0"},
    {file = "pycryptodomex-3.9.9-cp39-cp39-win_amd64.whl", hash = "sha256:7651211e15109ac0058a49159265d9f6e6423c8a81c65434d3c56d708417a05b"},
    {file = "pycryptodomex-3.9.9.tar.gz", hash = "sha256:7b5b7c5896f8172ea0beb283f7f9428e0ab88ec248ce0a5b8c98d73e26267d51"},
]
pyparsing = [
    {file = "pyparsing-2.4.7-py2.py3-none-any.whl", hash = "sha256:ef9d7589ef3c200abe66653d3f1ab1033c3c419ae9b9bdb1240a85b024efc88b"},
    {file = "pyparsing-2.4.7.tar.gz", hash = "sha256:c203ec8783bf771a155b207279b9bccb8dea02d8f0c9e5f8ead507bc3246ecc1"},
]
pytest = [
    {file = "pytest-5.4.3-py3-none-any.whl", hash = "sha256:5c0db86b698e8f170ba4582a492248919255fcd4c79b1ee64ace34301fb589a1"},
    {file = "pytest-5.4.3.tar.gz", hash = "sha256:7979331bfcba207414f5e1263b5a0f8f521d0f457318836a7355531ed1a4c7d8"},
]
wcwidth = [
    {file = "wcwidth-0.2.5-py2.py3-none-any.whl", hash = "sha256:beb4802a9cebb9144e99086eff703a642a13d6a0052920003a230f3294bbe784"},
    {file = "wcwidth-0.2.5.tar.gz", hash = "sha256:c4d647b99872929fdb7bdcaa4fbe7f01413ed3d98077df798530e5b04f116c83"},
]
